github.com/apache/thrift v0.0.0-20130818235439-ff980c143293/go.mod h1:cp2SuWMxlEZw2r+iP2GNCdIi4C1qmUzdZFSVb+bacwQ=
github.com/apuckey/scribe-logger-go v0.0.0-20210411005036-8118ab13d2ad h1:z8PTC5MGSpCLU+InAFg4E1EJnkmJcw8uKFiryohywVg=
github.com/apuckey/scribe-logger-go v0.0.0-20210411005036-8118ab13d2ad/go.mod h1:c39H+c9unydru+854UDShNSig2jYAGk06J1GKecCVR8=
